
Microsoft Visual Studio Solution File, Format Version 12.00
# Visual Studio Version 17
VisualStudioVersion = 17.8.34330.188
MinimumVisualStudioVersion = 10.0.40219.1
Project("{FAE04EC0-301F-11D3-BF4B-00C04F79EFBC}") = "TestRail", "TestRail\TestRail.csproj", "{C89FFA38-1072-4ADF-9E2B-6AD1FA39EA15}"
EndProject
Global
	GlobalSection(SolutionConfigurationPlatforms) = preSolution
		Debug|Any CPU = Debug|Any CPU
		Release|Any CPU = Release|Any CPU
	EndGlobalSection
	GlobalSection(ProjectConfigurationPlatforms) = postSolution
		{C89FFA38-1072-4ADF-9E2B-6AD1FA39EA15}.Debug|Any CPU.ActiveCfg = Debug|Any CPU
		{C89FFA38-1072-4ADF-9E2B-6AD1FA39EA15}.Debug|Any CPU.Build.0 = Debug|Any CPU
		{C89FFA38-1072-4ADF-9E2B-6AD1FA39EA15}.Release|Any CPU.ActiveCfg = Release|Any CPU
		{C89FFA38-1072-4ADF-9E2B-6AD1FA39EA15}.Release|Any CPU.Build.0 = Release|Any CPU
	EndGlobalSection
	GlobalSection(SolutionProperties) = preSolution
		HideSolutionNode = FALSE
	EndGlobalSection
	GlobalSection(ExtensibilityGlobals) = postSolution
		SolutionGuid = {C7DCB2B1-2642-450A-94A6-92DEA0AB6A18}
	EndGlobalSection
EndGlobal
